[[package]]
category = "main"
description = "Low-level AMQP client for Python (fork of amqplib)"
name = "amqp"
optional = false
platform = "any"
python-versions = "*"
version = "1.4.9"

[[package]]
category = "main"
description = "Wraps the best available JSON implementation available in a common interface"
name = "anyjson"
optional = false
platform = "any"
python-versions = "*"
version = "0.3.3"

[[package]]
category = "main"
description = "Python multiprocessing fork with improvements and bugfixes"
name = "billiard"
optional = false
platform = "UNKNOWN"
python-versions = "*"
version = "3.3.0.23"

[[package]]
category = "main"
description = "Python driver for Cassandra"
name = "cassandra-driver"
optional = false
platform = "UNKNOWN"
python-versions = "*"
version = "2.7.2"

[package.dependencies]
futures = "*"
six = ">=1.6"

[[package]]
category = "main"
description = "Distributed Task Queue"
name = "celery"
optional = false
platform = "any"
python-versions = "*"
version = "3.1.15"

[package.dependencies]
billiard = ">=3.3.0.18,<3.4"
kombu = ">=3.0.23,<3.1"
pytz = ">0.0-dev"

[[package]]
category = "main"
description = "A high-level Python Web framework that encourages rapid development and clean, pragmatic design."
name = "django"
optional = false
platform = "UNKNOWN"
python-versions = "*"
version = "1.5.5"

[[package]]
category = "main"
description = "A helper class for handling configuration defaults of packaged apps gracefully."
name = "django-appconf"
optional = false
platform = "UNKNOWN"
python-versions = "*"
version = "1.0.2"

[[package]]
category = "main"
description = "Old django celery integration project."
name = "django-celery"
optional = false
platform = "any"
python-versions = "*"
version = "3.1.17"

[package.dependencies]
celery = ">=3.1.15"

[[package]]
category = "main"
description = "Compresses linked and inline JavaScript or CSS into single cached files."
name = "django-compressor"
optional = false
platform = "UNKNOWN"
python-versions = "*"
version = "1.4"

[package.dependencies]
django-appconf = ">=0.4"

[[package]]
category = "main"
description = "Backport of the concurrent.futures package from Python 3"
name = "futures"
optional = false
platform = "*"
python-versions = ">=2.6, <3"
version = "3.2.0"

[[package]]
category = "main"
description = "Messaging library for Python"
name = "kombu"
optional = false
platform = "any"
python-versions = "*"
version = "3.0.37"

[package.dependencies]
amqp = ">=1.4.9,<2.0"
anyjson = ">=0.3.3"

[[package]]
category = "main"
description = "Python Imaging Library (Fork)"
name = "pillow"
optional = false
platform = "UNKNOWN"
python-versions = "*"
version = "3.1.2"

[[package]]
category = "main"
description = "World timezone definitions, modern and historical"
name = "pytz"
optional = false
platform = "Independent"
python-versions = "*"
version = "2018.5"

[[package]]
category = "main"
description = "Python client for Redis key-value store"
name = "redis"
optional = false
platform = "*"
python-versions = "*"
version = "2.10.6"

[[package]]
category = "main"
description = "Python 2 and 3 compatibility utilities"
name = "six"
optional = false
platform = "*"
python-versions = "*"
version = "1.11.0"

[[package]]
category = "main"
description = "South: Migrations for Django"
name = "south"
optional = false
platform = "UNKNOWN"
python-versions = "*"
version = "1.0.2"

[[package]]
category = "main"
description = "Stream Framework allows you to build complex feed and caching structures using Redis."
name = "stream-framework"
optional = false
platform = "UNKNOWN"
python-versions = "*"
version = "1.3.2"

[package.dependencies]
cassandra-driver = "2.7.2"
celery = ">=3.0.0"
redis = ">=2.8.0"
six = "*"

[metadata]
content-hash = "f9a906ed78362f67db1b9bf374262fb3a41087a5e5a8128d2db2dcc08d72a2c3"
platform = "*"
python-versions = "2.7"

[metadata.hashes]
amqp = ["2dea4d16d073c902c3b89d9b96620fb6729ac0f7a923bbc777cb4ad827c0c61a", "e0ed0ce6b8ffe5690a2e856c7908dc557e0e605283d6885dd1361d79f2928908"]
anyjson = ["37812d863c9ad3e35c0734c42e0bf0320ce8c3bed82cd20ad54cb34d158157ba"]
billiard = ["204e75d390ef8f839c30a93b696bd842c3941916e15921745d05edc2a83868ab", "23cb71472712e96bff3e0d45763b7b8a99e5040385fffb96816028352c255682", "692a2a5a55ee39a42bcb7557930e2541da85df9ea81c6e24827f63b80cd39d0b", "82041dbaa62f7fde1464d7ab449978618a38b241b40c0d31dafabb36446635dc", "958fc9f8fd5cc9b936b2cb9d96f02aa5ec3613ba13ee7f089c77ff0bcc368fac", "c0cbe8d45ba8d8213ad68ef9a1881002a151569c9424d551634195a18c3a4160", "ccfe0419eb5e49f27ad35cf06e75360af903df6d576c66cb8073246d4e023e5c", "d4d2fed1a251ea58eed47b48db3778ebb92f5ff4407dc91869c6f41c3a9249d0"]
cassandra-driver = ["f65c7f9f0a552975b28ee370c9f19f8dd881ebd7c208e5818095533440a525df"]
celery = ["7111697b3332ac22dd7047d492d70218d0a8ee0aa24246f6aec44274692033aa", "84715d0b9c76818af45f7eeba76532afddff2030a313beecd0e9e2eae4dbe9e3"]
django = ["6ae69c1dfbfc9d0c44ae80e2fbe48e59bbbbb70e8df66ad2b7029bd39947d71d"]
django-appconf = ["6a4d9aea683b4c224d97ab8ee11ad2d29a37072c0c6c509896dd9857466fb261", "ddab987d14b26731352c01ee69c090a4ebfc9141ed223bef039d79587f22acd9"]
django-celery = ["254a95b0a4386df1fd949823942f6312c80fba3c88c5efad79cad8648bc5feb5"]
django-compressor = ["504e441967ac78604ab35f030018fc9a6fa270e6a6e98471d2311fd77f70674b", "b26034230efcef7d60e5267890eda656dfc49c567f27125d907eee4fe7f9a6ec"]
futures = ["9ec02aa7d674acb8618afb127e27fde7fc68994c0437ad759fa094a574adb265", "ec0a6cb848cc212002b9828c3e34c675e0c9ff6741dc445cab6fdd4e1085d1f1"]
kombu = ["7ceab743e3e974f3e5736082e8cc514c009e254e646d6167342e0e192aee81a6", "e064a00c66b4d1058cd2b0523fb8d98c82c18450244177b6c0f7913016642650"]
pillow = ["54fb1db9d8ed3d05831f0124a3241579d7d27dd95eaa72d3a85ef97dc8b8c4d5", "c593622445503ae1ee361d3a6bb40794e043b43d00c96fcb298ba43ecd375905"]
pytz = ["a061aa0a9e06881eb8b3b2b43f05b9439d6583c206d0a6c340ff72a7b6669053", "ffb9ef1de172603304d9d2819af6f5ece76f2e85ec10692a524dd876e72bf277"]
redis = ["8a1900a9f2a0a44ecf6e8b5eb3e967a9909dfed219ad66df094f27f7d6f330fb", "a22ca993cea2962dbb588f9f30d0015ac4afcc45bee27d3978c0dbe9e97c6c0f"]
six = ["70e8a77beed4562e7f14fe23a786b54f6296e34344c23bc42f07b15018ff98e9", "832dc0e10feb1aa2c68dcc57dbb658f1c7e65b9b61af69048abc87a2db00a0eb"]
south = ["d360bd31898f9df59f6faa786551065bba45b35e7ee3c39b381b4fbfef7392f4"]
stream-framework = ["4d0ad442bc4b4f4da0944e529a804eaa6cb7439157b758597f6c7415a686e39f"]
